
Microsoft Visual Studio Solution File, Format Version 12.00
# Visual Studio Version 17
VisualStudioVersion = 17.9.34728.123
MinimumVisualStudioVersion = 10.0.40219.1
Project("{FAE04EC0-301F-11D3-BF4B-00C04F79EFBC}") = "API", "API\API.csproj", "{BB4734CD-51C4-4A7E-B3C2-920D9CB80AA8}"
EndProject
Project("{FAE04EC0-301F-11D3-BF4B-00C04F79EFBC}") = "Core", "Core\Core.csproj", "{0531C326-CA6F-4601-A894-A916B83468F3}"
EndProject
Project("{FAE04EC0-301F-11D3-BF4B-00C04F79EFBC}") = "Infrastructure", "Infrastructure\Infrastructure.csproj", "{EB78CDAB-4470-4462-A31A-42B957375668}"
EndProject
Global
	GlobalSection(SolutionConfigurationPlatforms) = preSolution
		Debug|Any CPU = Debug|Any CPU
		Release|Any CPU = Release|Any CPU
	EndGlobalSection
	GlobalSection(ProjectConfigurationPlatforms) = postSolution
		{BB4734CD-51C4-4A7E-B3C2-920D9CB80AA8}.Debug|Any CPU.ActiveCfg = Debug|Any CPU
		{BB4734CD-51C4-4A7E-B3C2-920D9CB80AA8}.Debug|Any CPU.Build.0 = Debug|Any CPU
		{BB4734CD-51C4-4A7E-B3C2-920D9CB80AA8}.Release|Any CPU.ActiveCfg = Release|Any CPU
		{BB4734CD-51C4-4A7E-B3C2-920D9CB80AA8}.Release|Any CPU.Build.0 = Release|Any CPU
		{0531C326-CA6F-4601-A894-A916B83468F3}.Debug|Any CPU.ActiveCfg = Debug|Any CPU
		{0531C326-CA6F-4601-A894-A916B83468F3}.Debug|Any CPU.Build.0 = Debug|Any CPU
		{0531C326-CA6F-4601-A894-A916B83468F3}.Release|Any CPU.ActiveCfg = Release|Any CPU
		{0531C326-CA6F-4601-A894-A916B83468F3}.Release|Any CPU.Build.0 = Release|Any CPU
		{EB78CDAB-4470-4462-A31A-42B957375668}.Debug|Any CPU.ActiveCfg = Debug|Any CPU
		{EB78CDAB-4470-4462-A31A-42B957375668}.Debug|Any CPU.Build.0 = Debug|Any CPU
		{EB78CDAB-4470-4462-A31A-42B957375668}.Release|Any CPU.ActiveCfg = Release|Any CPU
		{EB78CDAB-4470-4462-A31A-42B957375668}.Release|Any CPU.Build.0 = Release|Any CPU
	EndGlobalSection
	GlobalSection(SolutionProperties) = preSolution
		HideSolutionNode = FALSE
	EndGlobalSection
	GlobalSection(ExtensibilityGlobals) = postSolution
		SolutionGuid = {241B66A3-6804-4FAA-BDC9-F39FB7087950}
	EndGlobalSection
EndGlobal
